
Microsoft Visual Studio Solution File, Format Version 12.00
# Visual Studio Version 17
VisualStudioVersion = 17.11.35303.130
MinimumVisualStudioVersion = 10.0.40219.1
Project("{2150E333-8FDC-42A3-9474-1A3956D46DE8}") = "src", "src", "{9DC7F08E-2AC1-47B2-8683-F539BA415CD5}"
EndProject
Project("{2150E333-8FDC-42A3-9474-1A3956D46DE8}") = "services", "services", "{D9D8AA2C-5705-416E-9B90-7DA26D21F717}"
EndProject
Project("{9A19103F-16F7-4668-BE54-9A1E7A4F7556}") = "User-Service.API", "src\services\User-Service.API\User-Service.API.csproj", "{06F089F3-420E-4C90-980E-B25752C2AF96}"
EndProject
Global
	GlobalSection(SolutionConfigurationPlatforms) = preSolution
		Debug|Any CPU = Debug|Any CPU
		Release|Any CPU = Release|Any CPU
	EndGlobalSection
	GlobalSection(ProjectConfigurationPlatforms) = postSolution
		{06F089F3-420E-4C90-980E-B25752C2AF96}.Debug|Any CPU.ActiveCfg = Debug|Any CPU
		{06F089F3-420E-4C90-980E-B25752C2AF96}.Debug|Any CPU.Build.0 = Debug|Any CPU
		{06F089F3-420E-4C90-980E-B25752C2AF96}.Release|Any CPU.ActiveCfg = Release|Any CPU
		{06F089F3-420E-4C90-980E-B25752C2AF96}.Release|Any CPU.Build.0 = Release|Any CPU
	EndGlobalSection
	GlobalSection(SolutionProperties) = preSolution
		HideSolutionNode = FALSE
	EndGlobalSection
	GlobalSection(NestedProjects) = preSolution
		{D9D8AA2C-5705-416E-9B90-7DA26D21F717} = {9DC7F08E-2AC1-47B2-8683-F539BA415CD5}
		{06F089F3-420E-4C90-980E-B25752C2AF96} = {D9D8AA2C-5705-416E-9B90-7DA26D21F717}
	EndGlobalSection
	GlobalSection(ExtensibilityGlobals) = postSolution
		SolutionGuid = {49BB23BC-FDB0-437C-A22B-FC10D8D10304}
	EndGlobalSection
EndGlobal
