
Microsoft Visual Studio Solution File, Format Version 12.00
# Visual Studio Version 17
VisualStudioVersion = 17.11.35303.130
MinimumVisualStudioVersion = 10.0.40219.1
Project("{2150E333-8FDC-42A3-9474-1A3956D46DE8}") = "src", "src", "{9DC7F08E-2AC1-47B2-8683-F539BA415CD5}"
EndProject
Project("{2150E333-8FDC-42A3-9474-1A3956D46DE8}") = "services", "services", "{D9D8AA2C-5705-416E-9B90-7DA26D21F717}"
EndProject
Project("{FAE04EC0-301F-11D3-BF4B-00C04F79EFBC}") = "User.API", "src\services\User.API\User.API.csproj", "{4569E224-05E2-49A1-8F4F-5520E50B2532}"
EndProject
Global
	GlobalSection(SolutionConfigurationPlatforms) = preSolution
		Debug|Any CPU = Debug|Any CPU
		Release|Any CPU = Release|Any CPU
	EndGlobalSection
	GlobalSection(ProjectConfigurationPlatforms) = postSolution
		{4569E224-05E2-49A1-8F4F-5520E50B2532}.Debug|Any CPU.ActiveCfg = Debug|Any CPU
		{4569E224-05E2-49A1-8F4F-5520E50B2532}.Debug|Any CPU.Build.0 = Debug|Any CPU
		{4569E224-05E2-49A1-8F4F-5520E50B2532}.Release|Any CPU.ActiveCfg = Release|Any CPU
		{4569E224-05E2-49A1-8F4F-5520E50B2532}.Release|Any CPU.Build.0 = Release|Any CPU
	EndGlobalSection
	GlobalSection(SolutionProperties) = preSolution
		HideSolutionNode = FALSE
	EndGlobalSection
	GlobalSection(NestedProjects) = preSolution
		{D9D8AA2C-5705-416E-9B90-7DA26D21F717} = {9DC7F08E-2AC1-47B2-8683-F539BA415CD5}
		{4569E224-05E2-49A1-8F4F-5520E50B2532} = {D9D8AA2C-5705-416E-9B90-7DA26D21F717}
	EndGlobalSection
	GlobalSection(ExtensibilityGlobals) = postSolution
		SolutionGuid = {49BB23BC-FDB0-437C-A22B-FC10D8D10304}
	EndGlobalSection
EndGlobal
